// !$*UTF8*$!
{
	archiveVersion = 1;
	classes = {
	};
	objectVersion = 46;
	objects = {

/* Begin PBXBuildFile section */
		7650BDA11C9EE0740000F8AA /* AppDelegate.swift in Sources */ = {isa = PBXBuildFile; fileRef = 7650BDA01C9EE0740000F8AA /* AppDelegate.swift */; };
		7650BDA31C9EE0740000F8AA /* ViewController.swift in Sources */ = {isa = PBXBuildFile; fileRef = 7650BDA21C9EE0740000F8AA /* ViewController.swift */; };
		7650BDA61C9EE0740000F8AA /* Main.storyboard in Resources */ = {isa = PBXBuildFile; fileRef = 7650BDA41C9EE0740000F8AA /* Main.storyboard */; };
		7650BDA81C9EE0740000F8AA /* Assets.xcassets in Resources */ = {isa = PBXBuildFile; fileRef = 7650BDA71C9EE0740000F8AA /* Assets.xcassets */; };
		7650BDAB1C9EE0740000F8AA /* LaunchScreen.storyboard in Resources */ = {isa = PBXBuildFile; fileRef = 7650BDA91C9EE0740000F8AA /* LaunchScreen.storyboard */; };
		7650BDB61C9EE0740000F8AA /* WeatherDemoTests.swift in Sources */ = {isa = PBXBuildFile; fileRef = 7650BDB51C9EE0740000F8AA /* WeatherDemoTests.swift */; };
		7650BDC11C9EE0740000F8AA /* WeatherDemoUITests.swift in Sources */ = {isa = PBXBuildFile; fileRef = 7650BDC01C9EE0740000F8AA /* WeatherDemoUITests.swift */; };
/* End PBXBuildFile section */

/* Begin PBXContainerItemProxy section */
		7650BDB21C9EE0740000F8AA /* PBXContainerItemProxy */ = {
			isa = PBXContainerItemProxy;
			containerPortal = 7650BD951C9EE0730000F8AA /* Project object */;
			proxyType = 1;
			remoteGlobalIDString = 7650BD9C1C9EE0730000F8AA;
			remoteInfo = WeatherDemo;
		};
		7650BDBD1C9EE0740000F8AA /* PBXContainerItemProxy */ = {
			isa = PBXContainerItemProxy;
			containerPortal = 7650BD951C9EE0730000F8AA /* Project object */;
			proxyType = 1;
			remoteGlobalIDString = 7650BD9C1C9EE0730000F8AA;
			remoteInfo = WeatherDemo;
		};
/* End PBXContainerItemProxy section */

/* Begin PBXFileReference section */
		7650BD9D1C9EE0740000F8AA /* WeatherDemo.app */ = {isa = PBXFileReference; explicitFileType = wrapper.application; includeInIndex = 0; path = WeatherDemo.app; sourceTree = BUILT_PRODUCTS_DIR; };
		7650BDA01C9EE0740000F8AA /* AppDelegate.swift */ = {isa = PBXFileReference; lastKnownFileType = sourcecode.swift; path = AppDelegate.swift; sourceTree = "<group>"; };
		7650BDA21C9EE0740000F8AA /* ViewController.swift */ = {isa = PBXFileReference; lastKnownFileType = sourcecode.swift; path = ViewController.swift; sourceTree = "<group>"; };
		7650BDA51C9EE0740000F8AA /* Base */ = {isa = PBXFileReference; lastKnownFileType = file.storyboard; name = Base; path = Base.lproj/Main.storyboard; sourceTree = "<group>"; };
		7650BDA71C9EE0740000F8AA /* Assets.xcassets */ = {isa = PBXFileReference; lastKnownFileType = folder.assetcatalog; path = Assets.xcassets; sourceTree = "<group>"; };
		7650BDAA1C9EE0740000F8AA /* Base */ = {isa = PBXFileReference; lastKnownFileType = file.storyboard; name = Base; path = Base.lproj/LaunchScreen.storyboard; sourceTree = "<group>"; };
		7650BDAC1C9EE0740000F8AA /* Info.plist */ = {isa = PBXFileReference; lastKnownFileType = text.plist.xml; path = Info.plist; sourceTree = "<group>"; };
		7650BDB11C9EE0740000F8AA /* WeatherDemoTests.xctest */ = {isa = PBXFileReference; explicitFileType = wrapper.cfbundle; includeInIndex = 0; path = WeatherDemoTests.xctest; sourceTree = BUILT_PRODUCTS_DIR; };
		7650BDB51C9EE0740000F8AA /* WeatherDemoTests.swift */ = {isa = PBXFileReference; lastKnownFileType = sourcecode.swift; path = WeatherDemoTests.swift; sourceTree = "<group>"; };
		7650BDB71C9EE0740000F8AA /* Info.plist */ = {isa = PBXFileReference; lastKnownFileType = text.plist.xml; path = Info.plist; sourceTree = "<group>"; };
		7650BDBC1C9EE0740000F8AA /* WeatherDemoUITests.xctest */ = {isa = PBXFileReference; explicitFileType = wrapper.cfbundle; includeInIndex = 0; path = WeatherDemoUITests.xctest; sourceTree = BUILT_PRODUCTS_DIR; };
		7650BDC01C9EE0740000F8AA /* WeatherDemoUITests.swift */ = {isa = PBXFileReference; lastKnownFileType = sourcecode.swift; path = WeatherDemoUITests.swift; sourceTree = "<group>"; };
		7650BDC21C9EE0740000F8AA /* Info.plist */ = {isa = PBXFileReference; lastKnownFileType = text.plist.xml; path = Info.plist; sourceTree = "<group>"; };
/* End PBXFileReference section */

/* Begin PBXFrameworksBuildPhase section */
		7650BD9A1C9EE0730000F8AA /* Frameworks */ = {
			isa = PBXFrameworksBuildPhase;
			buildActionMask = 2147483647;
			files = (
			);
			runOnlyForDeploymentPostprocessing = 0;
		};
		7650BDAE1C9EE0740000F8AA /* Frameworks */ = {
			isa = PBXFrameworksBuildPhase;
			buildActionMask = 2147483647;
			files = (
			);
			runOnlyForDeploymentPostprocessing = 0;
		};
		7650BDB91C9EE0740000F8AA /* Frameworks */ = {
			isa = PBXFrameworksBuildPhase;
			buildActionMask = 2147483647;
			files = (
			);
			runOnlyForDeploymentPostprocessing = 0;
		};
/* End PBXFrameworksBuildPhase section */

/* Begin PBXGroup section */
		7650BD941C9EE0730000F8AA = {
			isa = PBXGroup;
			children = (
				7650BD9F1C9EE0740000F8AA /* WeatherDemo */,
				7650BDB41C9EE0740000F8AA /* WeatherDemoTests */,
				7650BDBF1C9EE0740000F8AA /* WeatherDemoUITests */,
				7650BD9E1C9EE0740000F8AA /* Products */,
			);
			sourceTree = "<group>";
		};
		7650BD9E1C9EE0740000F8AA /* Products */ = {
			isa = PBXGroup;
			children = (
				7650BD9D1C9EE0740000F8AA /* WeatherDemo.app */,
				7650BDB11C9EE0740000F8AA /* WeatherDemoTests.xctest */,
				7650BDBC1C9EE0740000F8AA /* WeatherDemoUITests.xctest */,
			);
			name = Products;
			sourceTree = "<group>";
		};
		7650BD9F1C9EE0740000F8AA /* WeatherDemo */ = {
			isa = PBXGroup;
			children = (
				7650BDA01C9EE0740000F8AA /* AppDelegate.swift */,
				7650BDA21C9EE0740000F8AA /* ViewController.swift */,
				7650BDA41C9EE0740000F8AA /* Main.storyboard */,
				7650BDA71C9EE0740000F8AA /* Assets.xcassets */,
				7650BDA91C9EE0740000F8AA /* LaunchScreen.storyboard */,
				7650BDAC1C9EE0740000F8AA /* Info.plist */,
			);
			path = WeatherDemo;
			sourceTree = "<group>";
		};
		7650BDB41C9EE0740000F8AA /* WeatherDemoTests */ = {
			isa = PBXGroup;
			children = (
				7650BDB51C9EE0740000F8AA /* WeatherDemoTests.swift */,
				7650BDB71C9EE0740000F8AA /* Info.plist */,
			);
			path = WeatherDemoTests;
			sourceTree = "<group>";
		};
		7650BDBF1C9EE0740000F8AA /* WeatherDemoUITests */ = {
			isa = PBXGroup;
			children = (
				7650BDC01C9EE0740000F8AA /* WeatherDemoUITests.swift */,
				7650BDC21C9EE0740000F8AA /* Info.plist */,
			);
			path = WeatherDemoUITests;
			sourceTree = "<group>";
		};
/* End PBXGroup section */

/* Begin PBXNativeTarget section */
		7650BD9C1C9EE0730000F8AA /* WeatherDemo */ = {
			isa = PBXNativeTarget;
			buildConfigurationList = 7650BDC51C9EE0740000F8AA /* Build configuration list for PBXNativeTarget "WeatherDemo" */;
			buildPhases = (
				7650BD991C9EE0730000F8AA /* Sources */,
				7650BD9A1C9EE0730000F8AA /* Frameworks */,
				7650BD9B1C9EE0730000F8AA /* Resources */,
			);
			buildRules = (
			);
			dependencies = (
			);
			name = WeatherDemo;
			productName = WeatherDemo;
			productReference = 7650BD9D1C9EE0740000F8AA /* WeatherDemo.app */;
			productType = "com.apple.product-type.application";
		};
		7650BDB01C9EE0740000F8AA /* WeatherDemoTests */ = {
			isa = PBXNativeTarget;
			buildConfigurationList = 7650BDC81C9EE0740000F8AA /* Build configuration list for PBXNativeTarget "WeatherDemoTests" */;
			buildPhases = (
				7650BDAD1C9EE0740000F8AA /* Sources */,
				7650BDAE1C9EE0740000F8AA /* Frameworks */,
				7650BDAF1C9EE0740000F8AA /* Resources */,
			);
			buildRules = (
			);
			dependencies = (
				7650BDB31C9EE0740000F8AA /* PBXTargetDependency */,
			);
			name = WeatherDemoTests;
			productName = WeatherDemoTests;
			productReference = 7650BDB11C9EE0740000F8AA /* WeatherDemoTests.xctest */;
			productType = "com.apple.product-type.bundle.unit-test";
		};
		7650BDBB1C9EE0740000F8AA /* WeatherDemoUITests */ = {
			isa = PBXNativeTarget;
			buildConfigurationList = 7650BDCB1C9EE0740000F8AA /* Build configuration list for PBXNativeTarget "WeatherDemoUITests" */;
			buildPhases = (
				7650BDB81C9EE0740000F8AA /* Sources */,
				7650BDB91C9EE0740000F8AA /* Frameworks */,
				7650BDBA1C9EE0740000F8AA /* Resources */,
			);
			buildRules = (
			);
			dependencies = (
				7650BDBE1C9EE0740000F8AA /* PBXTargetDependency */,
			);
			name = WeatherDemoUITests;
			productName = WeatherDemoUITests;
			productReference = 7650BDBC1C9EE0740000F8AA /* WeatherDemoUITests.xctest */;
			productType = "com.apple.product-type.bundle.ui-testing";
		};
/* End PBXNativeTarget section */

/* Begin PBXProject section */
		7650BD951C9EE0730000F8AA /* Project object */ = {
			isa = PBXProject;
			attributes = {
				LastSwiftUpdateCheck = 0730;
				LastUpgradeCheck = 0730;
				ORGANIZATIONNAME = JinTian;
				TargetAttributes = {
					7650BD9C1C9EE0730000F8AA = {
						CreatedOnToolsVersion = 7.3;
						DevelopmentTeam = NNHV593JX7;
					};
					7650BDB01C9EE0740000F8AA = {
						CreatedOnToolsVersion = 7.3;
						DevelopmentTeam = NNHV593JX7;
						TestTargetID = 7650BD9C1C9EE0730000F8AA;
					};
					7650BDBB1C9EE0740000F8AA = {
						CreatedOnToolsVersion = 7.3;
						DevelopmentTeam = NNHV593JX7;
						TestTargetID = 7650BD9C1C9EE0730000F8AA;
					};
				};
			};
			buildConfigurationList = 7650BD981C9EE0730000F8AA /* Build configuration list for PBXProject "WeatherDemo" */;
			compatibilityVersion = "Xcode 3.2";
			developmentRegion = English;
			hasScannedForEncodings = 0;
			knownRegions = (
				en,
				Base,
			);
			mainGroup = 7650BD941C9EE0730000F8AA;
			productRefGroup = 7650BD9E1C9EE0740000F8AA /* Products */;
			projectDirPath = "";
			projectRoot = "";
			targets = (
				7650BD9C1C9EE0730000F8AA /* WeatherDemo */,
				7650BDB01C9EE0740000F8AA /* WeatherDemoTests */,
				7650BDBB1C9EE0740000F8AA /* WeatherDemoUITests */,
			);
		};
/* End PBXProject section */

/* Begin PBXResourcesBuildPhase section */
		7650BD9B1C9EE0730000F8AA /* Resources */ = {
			isa = PBXResourcesBuildPhase;
			buildActionMask = 2147483647;
			files = (
				7650BDAB1C9EE0740000F8AA /* LaunchScreen.storyboard in Resources */,
				7650BDA81C9EE0740000F8AA /* Assets.xcassets in Resources */,
				7650BDA61C9EE0740000F8AA /* Main.storyboard in Resources */,
			);
			runOnlyForDeploymentPostprocessing = 0;
		};
		7650BDAF1C9EE0740000F8AA /* Resources */ = {
			isa = PBXResourcesBuildPhase;
			buildActionMask = 2147483647;
			files = (
			);
			runOnlyForDeploymentPostprocessing = 0;
		};
		7650BDBA1C9EE0740000F8AA /* Resources */ = {
			isa = PBXResourcesBuildPhase;
			buildActionMask = 2147483647;
			files = (
			);
			runOnlyForDeploymentPostprocessing = 0;
		};
/* End PBXResourcesBuildPhase section */

/* Begin PBXSourcesBuildPhase section */
		7650BD991C9EE0730000F8AA /* Sources */ = {
			isa = PBXSourcesBuildPhase;
			buildActionMask = 2147483647;
			files = (
				7650BDA31C9EE0740000F8AA /* ViewController.swift in Sources */,
				7650BDA11C9EE0740000F8AA /* AppDelegate.swift in Sources */,
			);
			runOnlyForDeploymentPostprocessing = 0;
		};
		7650BDAD1C9EE0740000F8AA /* Sources */ = {
			isa = PBXSourcesBuildPhase;
			buildActionMask = 2147483647;
			files = (
				7650BDB61C9EE0740000F8AA /* WeatherDemoTests.swift in Sources */,
			);
			runOnlyForDeploymentPostprocessing = 0;
		};
		7650BDB81C9EE0740000F8AA /* Sources */ = {
			isa = PBXSourcesBuildPhase;
			buildActionMask = 2147483647;
			files = (
				7650BDC11C9EE0740000F8AA /* WeatherDemoUITests.swift in Sources */,
			);
			runOnlyForDeploymentPostprocessing = 0;
		};
/* End PBXSourcesBuildPhase section */

/* Begin PBXTargetDependency section */
		7650BDB31C9EE0740000F8AA /* PBXTargetDependency */ = {
			isa = PBXTargetDependency;
			target = 7650BD9C1C9EE0730000F8AA /* WeatherDemo */;
			targetProxy = 7650BDB21C9EE0740000F8AA /* PBXContainerItemProxy */;
		};
		7650BDBE1C9EE0740000F8AA /* PBXTargetDependency */ = {
			isa = PBXTargetDependency;
			target = 7650BD9C1C9EE0730000F8AA /* WeatherDemo */;
			targetProxy = 7650BDBD1C9EE0740000F8AA /* PBXContainerItemProxy */;
		};
/* End PBXTargetDependency section */

/* Begin PBXVariantGroup section */
		7650BDA41C9EE0740000F8AA /* Main.storyboard */ = {
			isa = PBXVariantGroup;
			children = (
				7650BDA51C9EE0740000F8AA /* Base */,
			);
			name = Main.storyboard;
			sourceTree = "<group>";
		};
		7650BDA91C9EE0740000F8AA /* LaunchScreen.storyboard */ = {
			isa = PBXVariantGroup;
			children = (
				7650BDAA1C9EE0740000F8AA /* Base */,
			);
			name = LaunchScreen.storyboard;
			sourceTree = "<group>";
		};
/* End PBXVariantGroup section */

/* Begin XCBuildConfiguration section */
		7650BDC31C9EE0740000F8AA /* Debug */ = {
			isa = XCBuildConfiguration;
			buildSettings = {
				ALWAYS_SEARCH_USER_PATHS = NO;
				CLANG_ANALYZER_NONNULL = YES;
				CLANG_CXX_LANGUAGE_STANDARD = "gnu++0x";
				CLANG_CXX_LIBRARY = "libc++";
				CLANG_ENABLE_MODULES = YES;
				CLANG_ENABLE_OBJC_ARC = YES;
				CLANG_WARN_BOOL_CONVERSION = YES;
				CLANG_WARN_CONSTANT_CONVERSION = YES;
				CLANG_WARN_DIRECT_OBJC_ISA_USAGE = YES_ERROR;
				CLANG_WARN_EMPTY_BODY = YES;
				CLANG_WARN_ENUM_CONVERSION = YES;
				CLANG_WARN_INT_CONVERSION = YES;
				CLANG_WARN_OBJC_ROOT_CLASS = YES_ERROR;
				CLANG_WARN_UNREACHABLE_CODE = YES;
				CLANG_WARN__DUPLICATE_METHOD_MATCH = YES;
				"CODE_SIGN_IDENTITY[sdk=iphoneos*]" = "iPhone Developer";
				COPY_PHASE_STRIP = NO;
				DEBUG_INFORMATION_FORMAT = dwarf;
				ENABLE_STRICT_OBJC_MSGSEND = YES;
				ENABLE_TESTABILITY = YES;
				GCC_C_LANGUAGE_STANDARD = gnu99;
				GCC_DYNAMIC_NO_PIC = NO;
				GCC_NO_COMMON_BLOCKS = YES;
				GCC_OPTIMIZATION_LEVEL = 0;
				GCC_PREPROCESSOR_DEFINITIONS = (
					"DEBUG=1",
					"$(inherited)",
				);
				GCC_WARN_64_TO_32_BIT_CONVERSION = YES;
				GCC_WARN_ABOUT_RETURN_TYPE = YES_ERROR;
				GCC_WARN_UNDECLARED_SELECTOR = YES;
				GCC_WARN_UNINITIALIZED_AUTOS = YES_AGGRESSIVE;
				GCC_WARN_UNUSED_FUNCTION = YES;
				GCC_WARN_UNUSED_VARIABLE = YES;
				IPHONEOS_DEPLOYMENT_TARGET = 9.3;
				MTL_ENABLE_DEBUG_INFO = YES;
				ONLY_ACTIVE_ARCH = YES;
				SDKROOT = iphoneos;
				SWIFT_OPTIMIZATION_LEVEL = "-Onone";
			};
			name = Debug;
		};
		7650BDC41C9EE0740000F8AA /* Release */ = {
			isa = XCBuildConfiguration;
			buildSettings = {
				ALWAYS_SEARCH_USER_PATHS = NO;
				CLANG_ANALYZER_NONNULL = YES;
				CLANG_CXX_LANGUAGE_STANDARD = "gnu++0x";
				CLANG_CXX_LIBRARY = "libc++";
				CLANG_ENABLE_MODULES = YES;
				CLANG_ENABLE_OBJC_ARC = YES;
				CLANG_WARN_BOOL_CONVERSION = YES;
				CLANG_WARN_CONSTANT_CONVERSION = YES;
				CLANG_WARN_DIRECT_OBJC_ISA_USAGE = YES_ERROR;
				CLANG_WARN_EMPTY_BODY = YES;
				CLANG_WARN_ENUM_CONVERSION = YES;
				CLANG_WARN_INT_CONVERSION = YES;
				CLANG_WARN_OBJC_ROOT_CLASS = YES_ERROR;
				CLANG_WARN_UNREACHABLE_CODE = YES;
				CLANG_WARN__DUPLICATE_METHOD_MATCH = YES;
				"CODE_SIGN_IDENTITY[sdk=iphoneos*]" = "iPhone Developer";
				COPY_PHASE_STRIP = NO;
				DEBUG_INFORMATION_FORMAT = "dwarf-with-dsym";
				ENABLE_NS_ASSERTIONS = NO;
				ENABLE_STRICT_OBJC_MSGSEND = YES;
				GCC_C_LANGUAGE_STANDARD = gnu99;
				GCC_NO_COMMON_BLOCKS = YES;
				GCC_WARN_64_TO_32_BIT_CONVERSION = YES;
				GCC_WARN_ABOUT_RETURN_TYPE = YES_ERROR;
				GCC_WARN_UNDECLARED_SELECTOR = YES;
				GCC_WARN_UNINITIALIZED_AUTOS = YES_AGGRESSIVE;
				GCC_WARN_UNUSED_FUNCTION = YES;
				GCC_WARN_UNUSED_VARIABLE = YES;
				IPHONEOS_DEPLOYMENT_TARGET = 9.3;
				MTL_ENABLE_DEBUG_INFO = NO;
				SDKROOT = iphoneos;
				VALIDATE_PRODUCT = YES;
			};
			name = Release;
		};
		7650BDC61C9EE0740000F8AA /* Debug */ = {
			isa = XCBuildConfiguration;
			buildSettings = {
				ASSETCATALOG_COMPILER_APPICON_NAME = AppIcon;
				INFOPLIST_FILE = WeatherDemo/Info.plist;
				LD_RUNPATH_SEARCH_PATHS = "$(inherited) @executable_path/Frameworks";
				PRODUCT_BUNDLE_IDENTIFIER = com.ouman.WeatherDemo;
				PRODUCT_NAME = "$(TARGET_NAME)";
			};
			name = Debug;
		};
		7650BDC71C9EE0740000F8AA /* Release */ = {
			isa = XCBuildConfiguration;
			buildSettings = {
				ASSETCATALOG_COMPILER_APPICON_NAME = AppIcon;
				INFOPLIST_FILE = WeatherDemo/Info.plist;
				LD_RUNPATH_SEARCH_PATHS = "$(inherited) @executable_path/Frameworks";
				PRODUCT_BUNDLE_IDENTIFIER = com.ouman.WeatherDemo;
				PRODUCT_NAME = "$(TARGET_NAME)";
			};
			name = Release;
		};
		7650BDC91C9EE0740000F8AA /* Debug */ = {
			isa = XCBuildConfiguration;
			buildSettings = {
				BUNDLE_LOADER = "$(TEST_HOST)";
				INFOPLIST_FILE = WeatherDemoTests/Info.plist;
				LD_RUNPATH_SEARCH_PATHS = "$(inherited) @executable_path/Frameworks @loader_path/Frameworks";
				PRODUCT_BUNDLE_IDENTIFIER = com.ouman.WeatherDemoTests;
				PRODUCT_NAME = "$(TARGET_NAME)";
				TEST_HOST = "$(BUILT_PRODUCTS_DIR)/WeatherDemo.app/WeatherDemo";
			};
			name = Debug;
		};
		7650BDCA1C9EE0740000F8AA /* Release */ = {
			isa = XCBuildConfiguration;
			buildSettings = {
				BUNDLE_LOADER = "$(TEST_HOST)";
				INFOPLIST_FILE = WeatherDemoTests/Info.plist;
				LD_RUNPATH_SEARCH_PATHS = "$(inherited) @executable_path/Frameworks @loader_path/Frameworks";
				PRODUCT_BUNDLE_IDENTIFIER = com.ouman.WeatherDemoTests;
				PRODUCT_NAME = "$(TARGET_NAME)";
				TEST_HOST = "$(BUILT_PRODUCTS_DIR)/WeatherDemo.app/WeatherDemo";
			};
			name = Release;
		};
		7650BDCC1C9EE0740000F8AA /* Debug */ = {
			isa = XCBuildConfiguration;
			buildSettings = {
				INFOPLIST_FILE = WeatherDemoUITests/Info.plist;
				LD_RUNPATH_SEARCH_PATHS = "$(inherited) @executable_path/Frameworks @loader_path/Frameworks";
				PRODUCT_BUNDLE_IDENTIFIER = com.ouman.WeatherDemoUITests;
				PRODUCT_NAME = "$(TARGET_NAME)";
				TEST_TARGET_NAME = WeatherDemo;
			};
			name = Debug;
		};
		7650BDCD1C9EE0740000F8AA /* Release */ = {
			isa = XCBuildConfiguration;
			buildSettings = {
				INFOPLIST_FILE = WeatherDemoUITests/Info.plist;
				LD_RUNPATH_SEARCH_PATHS = "$(inherited) @executable_path/Frameworks @loader_path/Frameworks";
				PRODUCT_BUNDLE_IDENTIFIER = com.ouman.WeatherDemoUITests;
				PRODUCT_NAME = "$(TARGET_NAME)";
				TEST_TARGET_NAME = WeatherDemo;
			};
			name = Release;
		};
/* End XCBuildConfiguration section */

/* Begin XCConfigurationList section */
		7650BD981C9EE0730000F8AA /* Build configuration list for PBXProject "WeatherDemo" */ = {
			isa = XCConfigurationList;
			buildConfigurations = (
				7650BDC31C9EE0740000F8AA /* Debug */,
				7650BDC41C9EE0740000F8AA /* Release */,
			);
			defaultConfigurationIsVisible = 0;
			defaultConfigurationName = Release;
		};
		7650BDC51C9EE0740000F8AA /* Build configuration list for PBXNativeTarget "WeatherDemo" */ = {
			isa = XCConfigurationList;
			buildConfigurations = (
				7650BDC61C9EE0740000F8AA /* Debug */,
				7650BDC71C9EE0740000F8AA /* Release */,
			);
			defaultConfigurationIsVisible = 0;
		};
		7650BDC81C9EE0740000F8AA /* Build configuration list for PBXNativeTarget "WeatherDemoTests" */ = {
			isa = XCConfigurationList;
			buildConfigurations = (
				7650BDC91C9EE0740000F8AA /* Debug */,
				7650BDCA1C9EE0740000F8AA /* Release */,
			);
			defaultConfigurationIsVisible = 0;
		};
		7650BDCB1C9EE0740000F8AA /* Build configuration list for PBXNativeTarget "WeatherDemoUITests" */ = {
			isa = XCConfigurationList;
			buildConfigurations = (
				7650BDCC1C9EE0740000F8AA /* Debug */,
				7650BDCD1C9EE0740000F8AA /* Release */,
			);
			defaultConfigurationIsVisible = 0;
		};
/* End XCConfigurationList section */
	};
	rootObject = 7650BD951C9EE0730000F8AA /* Project object */;
}
